
Microsoft Visual Studio Solution File, Format Version 12.00
# Visual Studio Version 17
VisualStudioVersion = 17.10.35013.160
MinimumVisualStudioVersion = 10.0.40219.1
Project("{FAE04EC0-301F-11D3-BF4B-00C04F79EFBC}") = "GetArrayFromConsole", "GetArrayFromConsole\GetArrayFromConsole.csproj", "{83FEB799-E498-4798-B5A3-DF9B36BD252F}"
EndProject
Global
	GlobalSection(SolutionConfigurationPlatforms) = preSolution
		Debug|Any CPU = Debug|Any CPU
		Release|Any CPU = Release|Any CPU
	EndGlobalSection
	GlobalSection(ProjectConfigurationPlatforms) = postSolution
		{83FEB799-E498-4798-B5A3-DF9B36BD252F}.Debug|Any CPU.ActiveCfg = Debug|Any CPU
		{83FEB799-E498-4798-B5A3-DF9B36BD252F}.Debug|Any CPU.Build.0 = Debug|Any CPU
		{83FEB799-E498-4798-B5A3-DF9B36BD252F}.Release|Any CPU.ActiveCfg = Release|Any CPU
		{83FEB799-E498-4798-B5A3-DF9B36BD252F}.Release|Any CPU.Build.0 = Release|Any CPU
	EndGlobalSection
	GlobalSection(SolutionProperties) = preSolution
		HideSolutionNode = FALSE
	EndGlobalSection
	GlobalSection(ExtensibilityGlobals) = postSolution
		SolutionGuid = {7A9DDF3D-22D0-4C33-8747-07BE0E321955}
	EndGlobalSection
EndGlobal
